// !$*UTF8*$!
{
	archiveVersion = 1;
	classes = {
	};
	objectVersion = 52;
	objects = {

/* Begin PBXBuildFile section */
		4D29AAC5240B74CC00028B8F /* AppDelegate.swift in Sources */ = {isa = PBXBuildFile; fileRef = 4D29AAC4240B74CC00028B8F /* AppDelegate.swift */; };
		4D29AAC7240B74CC00028B8F /* SceneDelegate.swift in Sources */ = {isa = PBXBuildFile; fileRef = 4D29AAC6240B74CC00028B8F /* SceneDelegate.swift */; };
		4D29AACC240B74CC00028B8F /* Main.storyboard in Resources */ = {isa = PBXBuildFile; fileRef = 4D29AACA240B74CC00028B8F /* Main.storyboard */; };
		4D29AACF240B74CC00028B8F /* ShowTrackr.xcdatamodeld in Sources */ = {isa = PBXBuildFile; fileRef = 4D29AACD240B74CC00028B8F /* ShowTrackr.xcdatamodeld */; };
		4D29AAD1240B74CD00028B8F /* Assets.xcassets in Resources */ = {isa = PBXBuildFile; fileRef = 4D29AAD0240B74CD00028B8F /* Assets.xcassets */; };
		4D29AAD4240B74CD00028B8F /* LaunchScreen.storyboard in Resources */ = {isa = PBXBuildFile; fileRef = 4D29AAD2240B74CD00028B8F /* LaunchScreen.storyboard */; };
		4D29AADF240B74CD00028B8F /* ShowTrackrTests.swift in Sources */ = {isa = PBXBuildFile; fileRef = 4D29AADE240B74CD00028B8F /* ShowTrackrTests.swift */; };
		4D29AAEA240B74CD00028B8F /* ShowTrackrUITests.swift in Sources */ = {isa = PBXBuildFile; fileRef = 4D29AAE9240B74CD00028B8F /* ShowTrackrUITests.swift */; };
		4D29AAF8240B751D00028B8F /* MainViewController.swift in Sources */ = {isa = PBXBuildFile; fileRef = 4D29AAF7240B751D00028B8F /* MainViewController.swift */; };
		4D29AB00240C337400028B8F /* Kingfisher in Frameworks */ = {isa = PBXBuildFile; productRef = 4D29AAFF240C337400028B8F /* Kingfisher */; };
		4D29AB05240C33FF00028B8F /* ShowService.swift in Sources */ = {isa = PBXBuildFile; fileRef = 4D29AB01240C33FE00028B8F /* ShowService.swift */; };
		4D29AB06240C33FF00028B8F /* ShowItem.swift in Sources */ = {isa = PBXBuildFile; fileRef = 4D29AB02240C33FE00028B8F /* ShowItem.swift */; };
		4D29AB07240C33FF00028B8F /* ShowItemStore.swift in Sources */ = {isa = PBXBuildFile; fileRef = 4D29AB03240C33FF00028B8F /* ShowItemStore.swift */; };
		4D29AB08240C33FF00028B8F /* APIResult.swift in Sources */ = {isa = PBXBuildFile; fileRef = 4D29AB04240C33FF00028B8F /* APIResult.swift */; };
		4D29AB10240C344B00028B8F /* FeaturedShowItemCell.swift in Sources */ = {isa = PBXBuildFile; fileRef = 4D29AB09240C344B00028B8F /* FeaturedShowItemCell.swift */; };
		4D29AB11240C344B00028B8F /* HeaderView.swift in Sources */ = {isa = PBXBuildFile; fileRef = 4D29AB0A240C344B00028B8F /* HeaderView.swift */; };
		4D29AB12240C344B00028B8F /* PopularShowItemCell.swift in Sources */ = {isa = PBXBuildFile; fileRef = 4D29AB0B240C344B00028B8F /* PopularShowItemCell.swift */; };
		4D29AB13240C344B00028B8F /* TopRatedShowItemsCell.swift in Sources */ = {isa = PBXBuildFile; fileRef = 4D29AB0C240C344B00028B8F /* TopRatedShowItemsCell.swift */; };
		4D29AB16240C344B00028B8F /* MainItemCell.swift in Sources */ = {isa = PBXBuildFile; fileRef = 4D29AB0F240C344B00028B8F /* MainItemCell.swift */; };
		4D29AB18240C34CE00028B8F /* CustomTabBarController.swift in Sources */ = {isa = PBXBuildFile; fileRef = 4D29AB17240C34CE00028B8F /* CustomTabBarController.swift */; };
		4D29AB1A240C51F100028B8F /* ShowDetailViewController.swift in Sources */ = {isa = PBXBuildFile; fileRef = 4D29AB19240C51F100028B8F /* ShowDetailViewController.swift */; };
		4DBDDC0B240C58AA00542046 /* SearchViewController.swift in Sources */ = {isa = PBXBuildFile; fileRef = 4DBDDC0A240C58AA00542046 /* SearchViewController.swift */; };
		4DBDDC0D240C866400542046 /* ViewAllViewController.swift in Sources */ = {isa = PBXBuildFile; fileRef = 4DBDDC0C240C866400542046 /* ViewAllViewController.swift */; };
		4DBDDC0F240C882100542046 /* SavedShowsViewController.swift in Sources */ = {isa = PBXBuildFile; fileRef = 4DBDDC0E240C882100542046 /* SavedShowsViewController.swift */; };
		4DBDDC15240E048300542046 /* ViewAllCollectionViewCell.swift in Sources */ = {isa = PBXBuildFile; fileRef = 4DBDDC14240E048300542046 /* ViewAllCollectionViewCell.swift */; };
		4DBDDC17240E229700542046 /* ShowDetailHeaderView.swift in Sources */ = {isa = PBXBuildFile; fileRef = 4DBDDC16240E229700542046 /* ShowDetailHeaderView.swift */; };
		4DBDDC1B240F5A9D00542046 /* ShowDetailSeasonCollectionView.swift in Sources */ = {isa = PBXBuildFile; fileRef = 4DBDDC1A240F5A9D00542046 /* ShowDetailSeasonCollectionView.swift */; };
		4DBDDC1D240F5AFC00542046 /* ShowDetailSeasonCollectionViewCell.swift in Sources */ = {isa = PBXBuildFile; fileRef = 4DBDDC1C240F5AFC00542046 /* ShowDetailSeasonCollectionViewCell.swift */; };
		4DBDDC1F2410B82900542046 /* SearchCollectionViewCell.swift in Sources */ = {isa = PBXBuildFile; fileRef = 4DBDDC1E2410B82900542046 /* SearchCollectionViewCell.swift */; };
		4DBDDC2124120C4600542046 /* RelatedShowViewController.swift in Sources */ = {isa = PBXBuildFile; fileRef = 4DBDDC2024120C4600542046 /* RelatedShowViewController.swift */; };
		4DBDDC232415551C00542046 /* ShowDetailTrailerCollectionView.swift in Sources */ = {isa = PBXBuildFile; fileRef = 4DBDDC222415551C00542046 /* ShowDetailTrailerCollectionView.swift */; };
		4DBDDC252415676700542046 /* ShowDetailTrailerCollectionViewCell.swift in Sources */ = {isa = PBXBuildFile; fileRef = 4DBDDC242415676700542046 /* ShowDetailTrailerCollectionViewCell.swift */; };
/* End PBXBuildFile section */

/* Begin PBXContainerItemProxy section */
		4D29AADB240B74CD00028B8F /* PBXContainerItemProxy */ = {
			isa = PBXContainerItemProxy;
			containerPortal = 4D29AAB9240B74CC00028B8F /* Project object */;
			proxyType = 1;
			remoteGlobalIDString = 4D29AAC0240B74CC00028B8F;
			remoteInfo = ShowTrackr;
		};
		4D29AAE6240B74CD00028B8F /* PBXContainerItemProxy */ = {
			isa = PBXContainerItemProxy;
			containerPortal = 4D29AAB9240B74CC00028B8F /* Project object */;
			proxyType = 1;
			remoteGlobalIDString = 4D29AAC0240B74CC00028B8F;
			remoteInfo = ShowTrackr;
		};
/* End PBXContainerItemProxy section */

/* Begin PBXFileReference section */
		4D29AAC1240B74CC00028B8F /* ShowTrackr.app */ = {isa = PBXFileReference; explicitFileType = wrapper.application; includeInIndex = 0; path = ShowTrackr.app; sourceTree = BUILT_PRODUCTS_DIR; };
		4D29AAC4240B74CC00028B8F /* AppDelegate.swift */ = {isa = PBXFileReference; lastKnownFileType = sourcecode.swift; path = AppDelegate.swift; sourceTree = "<group>"; };
		4D29AAC6240B74CC00028B8F /* SceneDelegate.swift */ = {isa = PBXFileReference; lastKnownFileType = sourcecode.swift; path = SceneDelegate.swift; sourceTree = "<group>"; };
		4D29AACB240B74CC00028B8F /* Base */ = {isa = PBXFileReference; lastKnownFileType = file.storyboard; name = Base; path = Base.lproj/Main.storyboard; sourceTree = "<group>"; };
		4D29AACE240B74CC00028B8F /* ShowTrackr.xcdatamodel */ = {isa = PBXFileReference; lastKnownFileType = wrapper.xcdatamodel; path = ShowTrackr.xcdatamodel; sourceTree = "<group>"; };
		4D29AAD0240B74CD00028B8F /* Assets.xcassets */ = {isa = PBXFileReference; lastKnownFileType = folder.assetcatalog; path = Assets.xcassets; sourceTree = "<group>"; };
		4D29AAD3240B74CD00028B8F /* Base */ = {isa = PBXFileReference; lastKnownFileType = file.storyboard; name = Base; path = Base.lproj/LaunchScreen.storyboard; sourceTree = "<group>"; };
		4D29AAD5240B74CD00028B8F /* Info.plist */ = {isa = PBXFileReference; lastKnownFileType = text.plist.xml; path = Info.plist; sourceTree = "<group>"; };
		4D29AADA240B74CD00028B8F /* ShowTrackrTests.xctest */ = {isa = PBXFileReference; explicitFileType = wrapper.cfbundle; includeInIndex = 0; path = ShowTrackrTests.xctest; sourceTree = BUILT_PRODUCTS_DIR; };
		4D29AADE240B74CD00028B8F /* ShowTrackrTests.swift */ = {isa = PBXFileReference; lastKnownFileType = sourcecode.swift; path = ShowTrackrTests.swift; sourceTree = "<group>"; };
		4D29AAE0240B74CD00028B8F /* Info.plist */ = {isa = PBXFileReference; lastKnownFileType = text.plist.xml; path = Info.plist; sourceTree = "<group>"; };
		4D29AAE5240B74CD00028B8F /* ShowTrackrUITests.xctest */ = {isa = PBXFileReference; explicitFileType = wrapper.cfbundle; includeInIndex = 0; path = ShowTrackrUITests.xctest; sourceTree = BUILT_PRODUCTS_DIR; };
		4D29AAE9240B74CD00028B8F /* ShowTrackrUITests.swift */ = {isa = PBXFileReference; lastKnownFileType = sourcecode.swift; path = ShowTrackrUITests.swift; sourceTree = "<group>"; };
		4D29AAEB240B74CD00028B8F /* Info.plist */ = {isa = PBXFileReference; lastKnownFileType = text.plist.xml; path = Info.plist; sourceTree = "<group>"; };
		4D29AAF7240B751D00028B8F /* MainViewController.swift */ = {isa = PBXFileReference; lastKnownFileType = sourcecode.swift; path = MainViewController.swift; sourceTree = "<group>"; };
		4D29AB01240C33FE00028B8F /* ShowService.swift */ = {isa = PBXFileReference; fileEncoding = 4; lastKnownFileType = sourcecode.swift; path = ShowService.swift; sourceTree = "<group>"; };
		4D29AB02240C33FE00028B8F /* ShowItem.swift */ = {isa = PBXFileReference; fileEncoding = 4; lastKnownFileType = sourcecode.swift; path = ShowItem.swift; sourceTree = "<group>"; };
		4D29AB03240C33FF00028B8F /* ShowItemStore.swift */ = {isa = PBXFileReference; fileEncoding = 4; lastKnownFileType = sourcecode.swift; path = ShowItemStore.swift; sourceTree = "<group>"; };
		4D29AB04240C33FF00028B8F /* APIResult.swift */ = {isa = PBXFileReference; fileEncoding = 4; lastKnownFileType = sourcecode.swift; path = APIResult.swift; sourceTree = "<group>"; };
		4D29AB09240C344B00028B8F /* FeaturedShowItemCell.swift */ = {isa = PBXFileReference; fileEncoding = 4; lastKnownFileType = sourcecode.swift; path = FeaturedShowItemCell.swift; sourceTree = "<group>"; };
		4D29AB0A240C344B00028B8F /* HeaderView.swift */ = {isa = PBXFileReference; fileEncoding = 4; lastKnownFileType = sourcecode.swift; path = HeaderView.swift; sourceTree = "<group>"; };
		4D29AB0B240C344B00028B8F /* PopularShowItemCell.swift */ = {isa = PBXFileReference; fileEncoding = 4; lastKnownFileType = sourcecode.swift; path = PopularShowItemCell.swift; sourceTree = "<group>"; };
		4D29AB0C240C344B00028B8F /* TopRatedShowItemsCell.swift */ = {isa = PBXFileReference; fileEncoding = 4; lastKnownFileType = sourcecode.swift; path = TopRatedShowItemsCell.swift; sourceTree = "<group>"; };
		4D29AB0F240C344B00028B8F /* MainItemCell.swift */ = {isa = PBXFileReference; fileEncoding = 4; lastKnownFileType = sourcecode.swift; path = MainItemCell.swift; sourceTree = "<group>"; };
		4D29AB17240C34CE00028B8F /* CustomTabBarController.swift */ = {isa = PBXFileReference; fileEncoding = 4; lastKnownFileType = sourcecode.swift; path = CustomTabBarController.swift; sourceTree = "<group>"; };
		4D29AB19240C51F100028B8F /* ShowDetailViewController.swift */ = {isa = PBXFileReference; lastKnownFileType = sourcecode.swift; path = ShowDetailViewController.swift; sourceTree = "<group>"; };
		4DBDDC0A240C58AA00542046 /* SearchViewController.swift */ = {isa = PBXFileReference; lastKnownFileType = sourcecode.swift; path = SearchViewController.swift; sourceTree = "<group>"; };
		4DBDDC0C240C866400542046 /* ViewAllViewController.swift */ = {isa = PBXFileReference; lastKnownFileType = sourcecode.swift; path = ViewAllViewController.swift; sourceTree = "<group>"; };
		4DBDDC0E240C882100542046 /* SavedShowsViewController.swift */ = {isa = PBXFileReference; lastKnownFileType = sourcecode.swift; path = SavedShowsViewController.swift; sourceTree = "<group>"; };
		4DBDDC14240E048300542046 /* ViewAllCollectionViewCell.swift */ = {isa = PBXFileReference; lastKnownFileType = sourcecode.swift; path = ViewAllCollectionViewCell.swift; sourceTree = "<group>"; };
		4DBDDC16240E229700542046 /* ShowDetailHeaderView.swift */ = {isa = PBXFileReference; lastKnownFileType = sourcecode.swift; path = ShowDetailHeaderView.swift; sourceTree = "<group>"; };
		4DBDDC1A240F5A9D00542046 /* ShowDetailSeasonCollectionView.swift */ = {isa = PBXFileReference; lastKnownFileType = sourcecode.swift; path = ShowDetailSeasonCollectionView.swift; sourceTree = "<group>"; };
		4DBDDC1C240F5AFC00542046 /* ShowDetailSeasonCollectionViewCell.swift */ = {isa = PBXFileReference; lastKnownFileType = sourcecode.swift; path = ShowDetailSeasonCollectionViewCell.swift; sourceTree = "<group>"; };
		4DBDDC1E2410B82900542046 /* SearchCollectionViewCell.swift */ = {isa = PBXFileReference; lastKnownFileType = sourcecode.swift; path = SearchCollectionViewCell.swift; sourceTree = "<group>"; };
		4DBDDC2024120C4600542046 /* RelatedShowViewController.swift */ = {isa = PBXFileReference; lastKnownFileType = sourcecode.swift; path = RelatedShowViewController.swift; sourceTree = "<group>"; };
		4DBDDC222415551C00542046 /* ShowDetailTrailerCollectionView.swift */ = {isa = PBXFileReference; lastKnownFileType = sourcecode.swift; path = ShowDetailTrailerCollectionView.swift; sourceTree = "<group>"; };
		4DBDDC242415676700542046 /* ShowDetailTrailerCollectionViewCell.swift */ = {isa = PBXFileReference; lastKnownFileType = sourcecode.swift; path = ShowDetailTrailerCollectionViewCell.swift; sourceTree = "<group>"; };
/* End PBXFileReference section */

/* Begin PBXFrameworksBuildPhase section */
		4D29AABE240B74CC00028B8F /* Frameworks */ = {
			isa = PBXFrameworksBuildPhase;
			buildActionMask = 2147483647;
			files = (
				4D29AB00240C337400028B8F /* Kingfisher in Frameworks */,
			);
			runOnlyForDeploymentPostprocessing = 0;
		};
		4D29AAD7240B74CD00028B8F /* Frameworks */ = {
			isa = PBXFrameworksBuildPhase;
			buildActionMask = 2147483647;
			files = (
			);
			runOnlyForDeploymentPostprocessing = 0;
		};
		4D29AAE2240B74CD00028B8F /* Frameworks */ = {
			isa = PBXFrameworksBuildPhase;
			buildActionMask = 2147483647;
			files = (
			);
			runOnlyForDeploymentPostprocessing = 0;
		};
/* End PBXFrameworksBuildPhase section */

/* Begin PBXGroup section */
		4D29AAB8240B74CC00028B8F = {
			isa = PBXGroup;
			children = (
				4D29AAC3240B74CC00028B8F /* ShowTrackr */,
				4D29AADD240B74CD00028B8F /* ShowTrackrTests */,
				4D29AAE8240B74CD00028B8F /* ShowTrackrUITests */,
				4D29AAC2240B74CC00028B8F /* Products */,
			);
			sourceTree = "<group>";
		};
		4D29AAC2240B74CC00028B8F /* Products */ = {
			isa = PBXGroup;
			children = (
				4D29AAC1240B74CC00028B8F /* ShowTrackr.app */,
				4D29AADA240B74CD00028B8F /* ShowTrackrTests.xctest */,
				4D29AAE5240B74CD00028B8F /* ShowTrackrUITests.xctest */,
			);
			name = Products;
			sourceTree = "<group>";
		};
		4D29AAC3240B74CC00028B8F /* ShowTrackr */ = {
			isa = PBXGroup;
			children = (
				4D29AAFD240B758900028B8F /* Views */,
				4D29AAFC240B758000028B8F /* Models */,
				4D29AAFB240B757600028B8F /* Supporting Files */,
				4D29AAFA240B756F00028B8F /* Controllers */,
				4D29AAF9240B756600028B8F /* Networking */,
			);
			path = ShowTrackr;
			sourceTree = "<group>";
		};
		4D29AADD240B74CD00028B8F /* ShowTrackrTests */ = {
			isa = PBXGroup;
			children = (
				4D29AADE240B74CD00028B8F /* ShowTrackrTests.swift */,
				4D29AAE0240B74CD00028B8F /* Info.plist */,
			);
			path = ShowTrackrTests;
			sourceTree = "<group>";
		};
		4D29AAE8240B74CD00028B8F /* ShowTrackrUITests */ = {
			isa = PBXGroup;
			children = (
				4D29AAE9240B74CD00028B8F /* ShowTrackrUITests.swift */,
				4D29AAEB240B74CD00028B8F /* Info.plist */,
			);
			path = ShowTrackrUITests;
			sourceTree = "<group>";
		};
		4D29AAF9240B756600028B8F /* Networking */ = {
			isa = PBXGroup;
			children = (
			);
			path = Networking;
			sourceTree = "<group>";
		};
		4D29AAFA240B756F00028B8F /* Controllers */ = {
			isa = PBXGroup;
			children = (
				4D29AB19240C51F100028B8F /* ShowDetailViewController.swift */,
				4DBDDC0A240C58AA00542046 /* SearchViewController.swift */,
				4D29AB17240C34CE00028B8F /* CustomTabBarController.swift */,
				4D29AAF7240B751D00028B8F /* MainViewController.swift */,
				4DBDDC0C240C866400542046 /* ViewAllViewController.swift */,
				4DBDDC0E240C882100542046 /* SavedShowsViewController.swift */,
				4DBDDC2024120C4600542046 /* RelatedShowViewController.swift */,
			);
			path = Controllers;
			sourceTree = "<group>";
		};
		4D29AAFB240B757600028B8F /* Supporting Files */ = {
			isa = PBXGroup;
			children = (
				4D29AAC4240B74CC00028B8F /* AppDelegate.swift */,
				4D29AAC6240B74CC00028B8F /* SceneDelegate.swift */,
				4D29AACA240B74CC00028B8F /* Main.storyboard */,
				4D29AAD0240B74CD00028B8F /* Assets.xcassets */,
				4D29AAD2240B74CD00028B8F /* LaunchScreen.storyboard */,
				4D29AAD5240B74CD00028B8F /* Info.plist */,
				4D29AACD240B74CC00028B8F /* ShowTrackr.xcdatamodeld */,
			);
			path = "Supporting Files";
			sourceTree = "<group>";
		};
		4D29AAFC240B758000028B8F /* Models */ = {
			isa = PBXGroup;
			children = (
				4D29AB04240C33FF00028B8F /* APIResult.swift */,
				4D29AB02240C33FE00028B8F /* ShowItem.swift */,
				4D29AB03240C33FF00028B8F /* ShowItemStore.swift */,
				4D29AB01240C33FE00028B8F /* ShowService.swift */,
			);
			path = Models;
			sourceTree = "<group>";
		};
		4D29AAFD240B758900028B8F /* Views */ = {
			isa = PBXGroup;
			children = (
				4D29AB09240C344B00028B8F /* FeaturedShowItemCell.swift */,
				4D29AB0A240C344B00028B8F /* HeaderView.swift */,
				4DBDDC16240E229700542046 /* ShowDetailHeaderView.swift */,
				4D29AB0F240C344B00028B8F /* MainItemCell.swift */,
				4D29AB0B240C344B00028B8F /* PopularShowItemCell.swift */,
				4D29AB0C240C344B00028B8F /* TopRatedShowItemsCell.swift */,
				4DBDDC14240E048300542046 /* ViewAllCollectionViewCell.swift */,
				4DBDDC1A240F5A9D00542046 /* ShowDetailSeasonCollectionView.swift */,
				4DBDDC1C240F5AFC00542046 /* ShowDetailSeasonCollectionViewCell.swift */,
				4DBDDC1E2410B82900542046 /* SearchCollectionViewCell.swift */,
				4DBDDC222415551C00542046 /* ShowDetailTrailerCollectionView.swift */,
				4DBDDC242415676700542046 /* ShowDetailTrailerCollectionViewCell.swift */,
			);
			path = Views;
			sourceTree = "<group>";
		};
/* End PBXGroup section */

/* Begin PBXNativeTarget section */
		4D29AAC0240B74CC00028B8F /* ShowTrackr */ = {
			isa = PBXNativeTarget;
			buildConfigurationList = 4D29AAEE240B74CD00028B8F /* Build configuration list for PBXNativeTarget "ShowTrackr" */;
			buildPhases = (
				4D29AABD240B74CC00028B8F /* Sources */,
				4D29AABE240B74CC00028B8F /* Frameworks */,
				4D29AABF240B74CC00028B8F /* Resources */,
			);
			buildRules = (
			);
			dependencies = (
			);
			name = ShowTrackr;
			packageProductDependencies = (
				4D29AAFF240C337400028B8F /* Kingfisher */,
			);
			productName = ShowTrackr;
			productReference = 4D29AAC1240B74CC00028B8F /* ShowTrackr.app */;
			productType = "com.apple.product-type.application";
		};
		4D29AAD9240B74CD00028B8F /* ShowTrackrTests */ = {
			isa = PBXNativeTarget;
			buildConfigurationList = 4D29AAF1240B74CD00028B8F /* Build configuration list for PBXNativeTarget "ShowTrackrTests" */;
			buildPhases = (
				4D29AAD6240B74CD00028B8F /* Sources */,
				4D29AAD7240B74CD00028B8F /* Frameworks */,
				4D29AAD8240B74CD00028B8F /* Resources */,
			);
			buildRules = (
			);
			dependencies = (
				4D29AADC240B74CD00028B8F /* PBXTargetDependency */,
			);
			name = ShowTrackrTests;
			productName = ShowTrackrTests;
			productReference = 4D29AADA240B74CD00028B8F /* ShowTrackrTests.xctest */;
			productType = "com.apple.product-type.bundle.unit-test";
		};
		4D29AAE4240B74CD00028B8F /* ShowTrackrUITests */ = {
			isa = PBXNativeTarget;
			buildConfigurationList = 4D29AAF4240B74CD00028B8F /* Build configuration list for PBXNativeTarget "ShowTrackrUITests" */;
			buildPhases = (
				4D29AAE1240B74CD00028B8F /* Sources */,
				4D29AAE2240B74CD00028B8F /* Frameworks */,
				4D29AAE3240B74CD00028B8F /* Resources */,
			);
			buildRules = (
			);
			dependencies = (
				4D29AAE7240B74CD00028B8F /* PBXTargetDependency */,
			);
			name = ShowTrackrUITests;
			productName = ShowTrackrUITests;
			productReference = 4D29AAE5240B74CD00028B8F /* ShowTrackrUITests.xctest */;
			productType = "com.apple.product-type.bundle.ui-testing";
		};
/* End PBXNativeTarget section */

/* Begin PBXProject section */
		4D29AAB9240B74CC00028B8F /* Project object */ = {
			isa = PBXProject;
			attributes = {
				LastSwiftUpdateCheck = 1130;
				LastUpgradeCheck = 1130;
				ORGANIZATIONNAME = abatjarg;
				TargetAttributes = {
					4D29AAC0240B74CC00028B8F = {
						CreatedOnToolsVersion = 11.3.1;
					};
					4D29AAD9240B74CD00028B8F = {
						CreatedOnToolsVersion = 11.3.1;
						TestTargetID = 4D29AAC0240B74CC00028B8F;
					};
					4D29AAE4240B74CD00028B8F = {
						CreatedOnToolsVersion = 11.3.1;
						TestTargetID = 4D29AAC0240B74CC00028B8F;
					};
				};
			};
			buildConfigurationList = 4D29AABC240B74CC00028B8F /* Build configuration list for PBXProject "ShowTrackr" */;
			compatibilityVersion = "Xcode 9.3";
			developmentRegion = en;
			hasScannedForEncodings = 0;
			knownRegions = (
				en,
				Base,
			);
			mainGroup = 4D29AAB8240B74CC00028B8F;
			packageReferences = (
				4D29AAFE240C337400028B8F /* XCRemoteSwiftPackageReference "Kingfisher" */,
			);
			productRefGroup = 4D29AAC2240B74CC00028B8F /* Products */;
			projectDirPath = "";
			projectRoot = "";
			targets = (
				4D29AAC0240B74CC00028B8F /* ShowTrackr */,
				4D29AAD9240B74CD00028B8F /* ShowTrackrTests */,
				4D29AAE4240B74CD00028B8F /* ShowTrackrUITests */,
			);
		};
/* End PBXProject section */

/* Begin PBXResourcesBuildPhase section */
		4D29AABF240B74CC00028B8F /* Resources */ = {
			isa = PBXResourcesBuildPhase;
			buildActionMask = 2147483647;
			files = (
				4D29AAD4240B74CD00028B8F /* LaunchScreen.storyboard in Resources */,
				4D29AAD1240B74CD00028B8F /* Assets.xcassets in Resources */,
				4D29AACC240B74CC00028B8F /* Main.storyboard in Resources */,
			);
			runOnlyForDeploymentPostprocessing = 0;
		};
		4D29AAD8240B74CD00028B8F /* Resources */ = {
			isa = PBXResourcesBuildPhase;
			buildActionMask = 2147483647;
			files = (
			);
			runOnlyForDeploymentPostprocessing = 0;
		};
		4D29AAE3240B74CD00028B8F /* Resources */ = {
			isa = PBXResourcesBuildPhase;
			buildActionMask = 2147483647;
			files = (
			);
			runOnlyForDeploymentPostprocessing = 0;
		};
/* End PBXResourcesBuildPhase section */

/* Begin PBXSourcesBuildPhase section */
		4D29AABD240B74CC00028B8F /* Sources */ = {
			isa = PBXSourcesBuildPhase;
			buildActionMask = 2147483647;
			files = (
				4D29AB10240C344B00028B8F /* FeaturedShowItemCell.swift in Sources */,
				4DBDDC17240E229700542046 /* ShowDetailHeaderView.swift in Sources */,
				4D29AAC5240B74CC00028B8F /* AppDelegate.swift in Sources */,
				4D29AB18240C34CE00028B8F /* CustomTabBarController.swift in Sources */,
				4DBDDC232415551C00542046 /* ShowDetailTrailerCollectionView.swift in Sources */,
				4D29AAC7240B74CC00028B8F /* SceneDelegate.swift in Sources */,
				4DBDDC15240E048300542046 /* ViewAllCollectionViewCell.swift in Sources */,
				4D29AB07240C33FF00028B8F /* ShowItemStore.swift in Sources */,
				4DBDDC0F240C882100542046 /* SavedShowsViewController.swift in Sources */,
				4D29AB13240C344B00028B8F /* TopRatedShowItemsCell.swift in Sources */,
				4DBDDC0D240C866400542046 /* ViewAllViewController.swift in Sources */,
				4DBDDC1F2410B82900542046 /* SearchCollectionViewCell.swift in Sources */,
				4D29AB16240C344B00028B8F /* MainItemCell.swift in Sources */,
				4D29AB12240C344B00028B8F /* PopularShowItemCell.swift in Sources */,
				4D29AB1A240C51F100028B8F /* ShowDetailViewController.swift in Sources */,
				4DBDDC1D240F5AFC00542046 /* ShowDetailSeasonCollectionViewCell.swift in Sources */,
				4DBDDC252415676700542046 /* ShowDetailTrailerCollectionViewCell.swift in Sources */,
				4D29AB08240C33FF00028B8F /* APIResult.swift in Sources */,
				4DBDDC1B240F5A9D00542046 /* ShowDetailSeasonCollectionView.swift in Sources */,
				4DBDDC0B240C58AA00542046 /* SearchViewController.swift in Sources */,
				4D29AB11240C344B00028B8F /* HeaderView.swift in Sources */,
				4DBDDC2124120C4600542046 /* RelatedShowViewController.swift in Sources */,
				4D29AB05240C33FF00028B8F /* ShowService.swift in Sources */,
				4D29AB06240C33FF00028B8F /* ShowItem.swift in Sources */,
				4D29AACF240B74CC00028B8F /* ShowTrackr.xcdatamodeld in Sources */,
				4D29AAF8240B751D00028B8F /* MainViewController.swift in Sources */,
			);
			runOnlyForDeploymentPostprocessing = 0;
		};
		4D29AAD6240B74CD00028B8F /* Sources */ = {
			isa = PBXSourcesBuildPhase;
			buildActionMask = 2147483647;
			files = (
				4D29AADF240B74CD00028B8F /* ShowTrackrTests.swift in Sources */,
			);
			runOnlyForDeploymentPostprocessing = 0;
		};
		4D29AAE1240B74CD00028B8F /* Sources */ = {
			isa = PBXSourcesBuildPhase;
			buildActionMask = 2147483647;
			files = (
				4D29AAEA240B74CD00028B8F /* ShowTrackrUITests.swift in Sources */,
			);
			runOnlyForDeploymentPostprocessing = 0;
		};
/* End PBXSourcesBuildPhase section */

/* Begin PBXTargetDependency section */
		4D29AADC240B74CD00028B8F /* PBXTargetDependency */ = {
			isa = PBXTargetDependency;
			target = 4D29AAC0240B74CC00028B8F /* ShowTrackr */;
			targetProxy = 4D29AADB240B74CD00028B8F /* PBXContainerItemProxy */;
		};
		4D29AAE7240B74CD00028B8F /* PBXTargetDependency */ = {
			isa = PBXTargetDependency;
			target = 4D29AAC0240B74CC00028B8F /* ShowTrackr */;
			targetProxy = 4D29AAE6240B74CD00028B8F /* PBXContainerItemProxy */;
		};
/* End PBXTargetDependency section */

/* Begin PBXVariantGroup section */
		4D29AACA240B74CC00028B8F /* Main.storyboard */ = {
			isa = PBXVariantGroup;
			children = (
				4D29AACB240B74CC00028B8F /* Base */,
			);
			name = Main.storyboard;
			sourceTree = "<group>";
		};
		4D29AAD2240B74CD00028B8F /* LaunchScreen.storyboard */ = {
			isa = PBXVariantGroup;
			children = (
				4D29AAD3240B74CD00028B8F /* Base */,
			);
			name = LaunchScreen.storyboard;
			sourceTree = "<group>";
		};
/* End PBXVariantGroup section */

/* Begin XCBuildConfiguration section */
		4D29AAEC240B74CD00028B8F /* Debug */ = {
			isa = XCBuildConfiguration;
			buildSettings = {
				ALWAYS_SEARCH_USER_PATHS = NO;
				CLANG_ANALYZER_NONNULL = YES;
				CLANG_ANALYZER_NUMBER_OBJECT_CONVERSION = YES_AGGRESSIVE;
				CLANG_CXX_LANGUAGE_STANDARD = "gnu++14";
				CLANG_CXX_LIBRARY = "libc++";
				CLANG_ENABLE_MODULES = YES;
				CLANG_ENABLE_OBJC_ARC = YES;
				CLANG_ENABLE_OBJC_WEAK = YES;
				CLANG_WARN_BLOCK_CAPTURE_AUTORELEASING = YES;
				CLANG_WARN_BOOL_CONVERSION = YES;
				CLANG_WARN_COMMA = YES;
				CLANG_WARN_CONSTANT_CONVERSION = YES;
				CLANG_WARN_DEPRECATED_OBJC_IMPLEMENTATIONS = YES;
				CLANG_WARN_DIRECT_OBJC_ISA_USAGE = YES_ERROR;
				CLANG_WARN_DOCUMENTATION_COMMENTS = YES;
				CLANG_WARN_EMPTY_BODY = YES;
				CLANG_WARN_ENUM_CONVERSION = YES;
				CLANG_WARN_INFINITE_RECURSION = YES;
				CLANG_WARN_INT_CONVERSION = YES;
				CLANG_WARN_NON_LITERAL_NULL_CONVERSION = YES;
				CLANG_WARN_OBJC_IMPLICIT_RETAIN_SELF = YES;
				CLANG_WARN_OBJC_LITERAL_CONVERSION = YES;
				CLANG_WARN_OBJC_ROOT_CLASS = YES_ERROR;
				CLANG_WARN_RANGE_LOOP_ANALYSIS = YES;
				CLANG_WARN_STRICT_PROTOTYPES = YES;
				CLANG_WARN_SUSPICIOUS_MOVE = YES;
				CLANG_WARN_UNGUARDED_AVAILABILITY = YES_AGGRESSIVE;
				CLANG_WARN_UNREACHABLE_CODE = YES;
				CLANG_WARN__DUPLICATE_METHOD_MATCH = YES;
				COPY_PHASE_STRIP = NO;
				DEBUG_INFORMATION_FORMAT = dwarf;
				ENABLE_STRICT_OBJC_MSGSEND = YES;
				ENABLE_TESTABILITY = YES;
				GCC_C_LANGUAGE_STANDARD = gnu11;
				GCC_DYNAMIC_NO_PIC = NO;
				GCC_NO_COMMON_BLOCKS = YES;
				GCC_OPTIMIZATION_LEVEL = 0;
				GCC_PREPROCESSOR_DEFINITIONS = (
					"DEBUG=1",
					"$(inherited)",
				);
				GCC_WARN_64_TO_32_BIT_CONVERSION = YES;
				GCC_WARN_ABOUT_RETURN_TYPE = YES_ERROR;
				GCC_WARN_UNDECLARED_SELECTOR = YES;
				GCC_WARN_UNINITIALIZED_AUTOS = YES_AGGRESSIVE;
				GCC_WARN_UNUSED_FUNCTION = YES;
				GCC_WARN_UNUSED_VARIABLE = YES;
				IPHONEOS_DEPLOYMENT_TARGET = 13.2;
				MTL_ENABLE_DEBUG_INFO = INCLUDE_SOURCE;
				MTL_FAST_MATH = YES;
				ONLY_ACTIVE_ARCH = YES;
				SDKROOT = iphoneos;
				SWIFT_ACTIVE_COMPILATION_CONDITIONS = DEBUG;
				SWIFT_OPTIMIZATION_LEVEL = "-Onone";
			};
			name = Debug;
		};
		4D29AAED240B74CD00028B8F /* Release */ = {
			isa = XCBuildConfiguration;
			buildSettings = {
				ALWAYS_SEARCH_USER_PATHS = NO;
				CLANG_ANALYZER_NONNULL = YES;
				CLANG_ANALYZER_NUMBER_OBJECT_CONVERSION = YES_AGGRESSIVE;
				CLANG_CXX_LANGUAGE_STANDARD = "gnu++14";
				CLANG_CXX_LIBRARY = "libc++";
				CLANG_ENABLE_MODULES = YES;
				CLANG_ENABLE_OBJC_ARC = YES;
				CLANG_ENABLE_OBJC_WEAK = YES;
				CLANG_WARN_BLOCK_CAPTURE_AUTORELEASING = YES;
				CLANG_WARN_BOOL_CONVERSION = YES;
				CLANG_WARN_COMMA = YES;
				CLANG_WARN_CONSTANT_CONVERSION = YES;
				CLANG_WARN_DEPRECATED_OBJC_IMPLEMENTATIONS = YES;
				CLANG_WARN_DIRECT_OBJC_ISA_USAGE = YES_ERROR;
				CLANG_WARN_DOCUMENTATION_COMMENTS = YES;
				CLANG_WARN_EMPTY_BODY = YES;
				CLANG_WARN_ENUM_CONVERSION = YES;
				CLANG_WARN_INFINITE_RECURSION = YES;
				CLANG_WARN_INT_CONVERSION = YES;
				CLANG_WARN_NON_LITERAL_NULL_CONVERSION = YES;
				CLANG_WARN_OBJC_IMPLICIT_RETAIN_SELF = YES;
				CLANG_WARN_OBJC_LITERAL_CONVERSION = YES;
				CLANG_WARN_OBJC_ROOT_CLASS = YES_ERROR;
				CLANG_WARN_RANGE_LOOP_ANALYSIS = YES;
				CLANG_WARN_STRICT_PROTOTYPES = YES;
				CLANG_WARN_SUSPICIOUS_MOVE = YES;
				CLANG_WARN_UNGUARDED_AVAILABILITY = YES_AGGRESSIVE;
				CLANG_WARN_UNREACHABLE_CODE = YES;
				CLANG_WARN__DUPLICATE_METHOD_MATCH = YES;
				COPY_PHASE_STRIP = NO;
				DEBUG_INFORMATION_FORMAT = "dwarf-with-dsym";
				ENABLE_NS_ASSERTIONS = NO;
				ENABLE_STRICT_OBJC_MSGSEND = YES;
				GCC_C_LANGUAGE_STANDARD = gnu11;
				GCC_NO_COMMON_BLOCKS = YES;
				GCC_WARN_64_TO_32_BIT_CONVERSION = YES;
				GCC_WARN_ABOUT_RETURN_TYPE = YES_ERROR;
				GCC_WARN_UNDECLARED_SELECTOR = YES;
				GCC_WARN_UNINITIALIZED_AUTOS = YES_AGGRESSIVE;
				GCC_WARN_UNUSED_FUNCTION = YES;
				GCC_WARN_UNUSED_VARIABLE = YES;
				IPHONEOS_DEPLOYMENT_TARGET = 13.2;
				MTL_ENABLE_DEBUG_INFO = NO;
				MTL_FAST_MATH = YES;
				SDKROOT = iphoneos;
				SWIFT_COMPILATION_MODE = wholemodule;
				SWIFT_OPTIMIZATION_LEVEL = "-O";
				VALIDATE_PRODUCT = YES;
			};
			name = Release;
		};
		4D29AAEF240B74CD00028B8F /* Debug */ = {
			isa = XCBuildConfiguration;
			buildSettings = {
				ASSETCATALOG_COMPILER_APPICON_NAME = AppIcon;
				CODE_SIGN_STYLE = Automatic;
				DEVELOPMENT_TEAM = UDBQ493C9D;
				INFOPLIST_FILE = "$(SRCROOT)/ShowTrackr/Supporting Files/Info.plist";
				LD_RUNPATH_SEARCH_PATHS = (
					"$(inherited)",
					"@executable_path/Frameworks",
				);
				PRODUCT_BUNDLE_IDENTIFIER = com.abatjarg.ShowTrackr;
				PRODUCT_NAME = "$(TARGET_NAME)";
				SWIFT_VERSION = 5.0;
				TARGETED_DEVICE_FAMILY = 1;
			};
			name = Debug;
		};
		4D29AAF0240B74CD00028B8F /* Release */ = {
			isa = XCBuildConfiguration;
			buildSettings = {
				ASSETCATALOG_COMPILER_APPICON_NAME = AppIcon;
				CODE_SIGN_STYLE = Automatic;
				DEVELOPMENT_TEAM = UDBQ493C9D;
				INFOPLIST_FILE = "$(SRCROOT)/ShowTrackr/Supporting Files/Info.plist";
				LD_RUNPATH_SEARCH_PATHS = (
					"$(inherited)",
					"@executable_path/Frameworks",
				);
				PRODUCT_BUNDLE_IDENTIFIER = com.abatjarg.ShowTrackr;
				PRODUCT_NAME = "$(TARGET_NAME)";
				SWIFT_VERSION = 5.0;
				TARGETED_DEVICE_FAMILY = 1;
			};
			name = Release;
		};
		4D29AAF2240B74CD00028B8F /* Debug */ = {
			isa = XCBuildConfiguration;
			buildSettings = {
				ALWAYS_EMBED_SWIFT_STANDARD_LIBRARIES = YES;
				BUNDLE_LOADER = "$(TEST_HOST)";
				CODE_SIGN_STYLE = Automatic;
				DEVELOPMENT_TEAM = UDBQ493C9D;
				INFOPLIST_FILE = ShowTrackrTests/Info.plist;
				IPHONEOS_DEPLOYMENT_TARGET = 13.2;
				LD_RUNPATH_SEARCH_PATHS = (
					"$(inherited)",
					"@executable_path/Frameworks",
					"@loader_path/Frameworks",
				);
				PRODUCT_BUNDLE_IDENTIFIER = com.abatjarg.ShowTrackrTests;
				PRODUCT_NAME = "$(TARGET_NAME)";
				SWIFT_VERSION = 5.0;
				TARGETED_DEVICE_FAMILY = "1,2";
				TEST_HOST = "$(BUILT_PRODUCTS_DIR)/ShowTrackr.app/ShowTrackr";
			};
			name = Debug;
		};
		4D29AAF3240B74CD00028B8F /* Release */ = {
			isa = XCBuildConfiguration;
			buildSettings = {
				ALWAYS_EMBED_SWIFT_STANDARD_LIBRARIES = YES;
				BUNDLE_LOADER = "$(TEST_HOST)";
				CODE_SIGN_STYLE = Automatic;
				DEVELOPMENT_TEAM = UDBQ493C9D;
				INFOPLIST_FILE = ShowTrackrTests/Info.plist;
				IPHONEOS_DEPLOYMENT_TARGET = 13.2;
				LD_RUNPATH_SEARCH_PATHS = (
					"$(inherited)",
					"@executable_path/Frameworks",
					"@loader_path/Frameworks",
				);
				PRODUCT_BUNDLE_IDENTIFIER = com.abatjarg.ShowTrackrTests;
				PRODUCT_NAME = "$(TARGET_NAME)";
				SWIFT_VERSION = 5.0;
				TARGETED_DEVICE_FAMILY = "1,2";
				TEST_HOST = "$(BUILT_PRODUCTS_DIR)/ShowTrackr.app/ShowTrackr";
			};
			name = Release;
		};
		4D29AAF5240B74CD00028B8F /* Debug */ = {
			isa = XCBuildConfiguration;
			buildSettings = {
				ALWAYS_EMBED_SWIFT_STANDARD_LIBRARIES = YES;
				CODE_SIGN_STYLE = Automatic;
				DEVELOPMENT_TEAM = UDBQ493C9D;
				INFOPLIST_FILE = ShowTrackrUITests/Info.plist;
				LD_RUNPATH_SEARCH_PATHS = (
					"$(inherited)",
					"@executable_path/Frameworks",
					"@loader_path/Frameworks",
				);
				PRODUCT_BUNDLE_IDENTIFIER = com.abatjarg.ShowTrackrUITests;
				PRODUCT_NAME = "$(TARGET_NAME)";
				SWIFT_VERSION = 5.0;
				TARGETED_DEVICE_FAMILY = "1,2";
				TEST_TARGET_NAME = ShowTrackr;
			};
			name = Debug;
		};
		4D29AAF6240B74CD00028B8F /* Release */ = {
			isa = XCBuildConfiguration;
			buildSettings = {
				ALWAYS_EMBED_SWIFT_STANDARD_LIBRARIES = YES;
				CODE_SIGN_STYLE = Automatic;
				DEVELOPMENT_TEAM = UDBQ493C9D;
				INFOPLIST_FILE = ShowTrackrUITests/Info.plist;
				LD_RUNPATH_SEARCH_PATHS = (
					"$(inherited)",
					"@executable_path/Frameworks",
					"@loader_path/Frameworks",
				);
				PRODUCT_BUNDLE_IDENTIFIER = com.abatjarg.ShowTrackrUITests;
				PRODUCT_NAME = "$(TARGET_NAME)";
				SWIFT_VERSION = 5.0;
				TARGETED_DEVICE_FAMILY = "1,2";
				TEST_TARGET_NAME = ShowTrackr;
			};
			name = Release;
		};
/* End XCBuildConfiguration section */

/* Begin XCConfigurationList section */
		4D29AABC240B74CC00028B8F /* Build configuration list for PBXProject "ShowTrackr" */ = {
			isa = XCConfigurationList;
			buildConfigurations = (
				4D29AAEC240B74CD00028B8F /* Debug */,
				4D29AAED240B74CD00028B8F /* Release */,
			);
			defaultConfigurationIsVisible = 0;
			defaultConfigurationName = Release;
		};
		4D29AAEE240B74CD00028B8F /* Build configuration list for PBXNativeTarget "ShowTrackr" */ = {
			isa = XCConfigurationList;
			buildConfigurations = (
				4D29AAEF240B74CD00028B8F /* Debug */,
				4D29AAF0240B74CD00028B8F /* Release */,
			);
			defaultConfigurationIsVisible = 0;
			defaultConfigurationName = Release;
		};
		4D29AAF1240B74CD00028B8F /* Build configuration list for PBXNativeTarget "ShowTrackrTests" */ = {
			isa = XCConfigurationList;
			buildConfigurations = (
				4D29AAF2240B74CD00028B8F /* Debug */,
				4D29AAF3240B74CD00028B8F /* Release */,
			);
			defaultConfigurationIsVisible = 0;
			defaultConfigurationName = Release;
		};
		4D29AAF4240B74CD00028B8F /* Build configuration list for PBXNativeTarget "ShowTrackrUITests" */ = {
			isa = XCConfigurationList;
			buildConfigurations = (
				4D29AAF5240B74CD00028B8F /* Debug */,
				4D29AAF6240B74CD00028B8F /* Release */,
			);
			defaultConfigurationIsVisible = 0;
			defaultConfigurationName = Release;
		};
/* End XCConfigurationList section */

/* Begin XCRemoteSwiftPackageReference section */
		4D29AAFE240C337400028B8F /* XCRemoteSwiftPackageReference "Kingfisher" */ = {
			isa = XCRemoteSwiftPackageReference;
			repositoryURL = "https://github.com/onevcat/Kingfisher.git";
			requirement = {
				kind = upToNextMajorVersion;
				minimumVersion = 5.13.2;
			};
		};
/* End XCRemoteSwiftPackageReference section */

/* Begin XCSwiftPackageProductDependency section */
		4D29AAFF240C337400028B8F /* Kingfisher */ = {
			isa = XCSwiftPackageProductDependency;
			package = 4D29AAFE240C337400028B8F /* XCRemoteSwiftPackageReference "Kingfisher" */;
			productName = Kingfisher;
		};
/* End XCSwiftPackageProductDependency section */

/* Begin XCVersionGroup section */
		4D29AACD240B74CC00028B8F /* ShowTrackr.xcdatamodeld */ = {
			isa = XCVersionGroup;
			children = (
				4D29AACE240B74CC00028B8F /* ShowTrackr.xcdatamodel */,
			);
			currentVersion = 4D29AACE240B74CC00028B8F /* ShowTrackr.xcdatamodel */;
			path = ShowTrackr.xcdatamodeld;
			sourceTree = "<group>";
			versionGroupType = wrapper.xcdatamodel;
		};
/* End XCVersionGroup section */
	};
	rootObject = 4D29AAB9240B74CC00028B8F /* Project object */;
}
